
Microsoft Visual Studio Solution File, Format Version 12.00
# Visual Studio Version 16
VisualStudioVersion = 16.0.31129.286
MinimumVisualStudioVersion = 10.0.40219.1
Project("{FAE04EC0-301F-11D3-BF4B-00C04F79EFBC}") = "GraphicsEditor", "GraphicsEditor\GraphicsEditor.csproj", "{A0BB469A-A857-4286-ABAF-97695D1A2A3C}"
EndProject
Global
	GlobalSection(SolutionConfigurationPlatforms) = preSolution
		Debug|Any CPU = Debug|Any CPU
		Release|Any CPU = Release|Any CPU
	EndGlobalSection
	GlobalSection(ProjectConfigurationPlatforms) = postSolution
		{A0BB469A-A857-4286-ABAF-97695D1A2A3C}.Debug|Any CPU.ActiveCfg = Debug|Any CPU
		{A0BB469A-A857-4286-ABAF-97695D1A2A3C}.Debug|Any CPU.Build.0 = Debug|Any CPU
		{A0BB469A-A857-4286-ABAF-97695D1A2A3C}.Release|Any CPU.ActiveCfg = Release|Any CPU
		{A0BB469A-A857-4286-ABAF-97695D1A2A3C}.Release|Any CPU.Build.0 = Release|Any CPU
	EndGlobalSection
	GlobalSection(SolutionProperties) = preSolution
		HideSolutionNode = FALSE
	EndGlobalSection
	GlobalSection(ExtensibilityGlobals) = postSolution
		SolutionGuid = {9DAC3D9B-3BC9-4370-B16F-7BC3CFD41869}
	EndGlobalSection
EndGlobal
